// !$*UTF8*$!
{
	archiveVersion = 1;
	classes = {
	};
	objectVersion = 56;
	objects = {

/* Begin PBXBuildFile section */
		0D6925282B22636D00247E4C /* TestDetailView.swift in Sources */ = {isa = PBXBuildFile; fileRef = 0D6925272B22636D00247E4C /* TestDetailView.swift */; };
		0D940B7B2B1CF98600FAA484 /* NetworkErrors.swift in Sources */ = {isa = PBXBuildFile; fileRef = 0D940B7A2B1CF98600FAA484 /* NetworkErrors.swift */; };
		0D940B7D2B1CF9AB00FAA484 /* NetworkService.swift in Sources */ = {isa = PBXBuildFile; fileRef = 0D940B7C2B1CF9AB00FAA484 /* NetworkService.swift */; };
		0D940B7F2B1CF9BD00FAA484 /* NetworkDataFetcher.swift in Sources */ = {isa = PBXBuildFile; fileRef = 0D940B7E2B1CF9BD00FAA484 /* NetworkDataFetcher.swift */; };
		0D940B812B1CFB5200FAA484 /* SearchBooks.swift in Sources */ = {isa = PBXBuildFile; fileRef = 0D940B802B1CFB5200FAA484 /* SearchBooks.swift */; };
		0D940B862B1CFBB200FAA484 /* SwiftUITestScreen.swift in Sources */ = {isa = PBXBuildFile; fileRef = 0D940B852B1CFBB200FAA484 /* SwiftUITestScreen.swift */; };
		0D940B892B1E448A00FAA484 /* RequestMethod.swift in Sources */ = {isa = PBXBuildFile; fileRef = 0D940B882B1E448A00FAA484 /* RequestMethod.swift */; };
		0D940B8B2B1EF25200FAA484 /* NetworkAgregateModel.swift in Sources */ = {isa = PBXBuildFile; fileRef = 0D940B8A2B1EF25200FAA484 /* NetworkAgregateModel.swift */; };
		0DBBD9B32B2087A700B8BB7A /* TestCategories.swift in Sources */ = {isa = PBXBuildFile; fileRef = 0DBBD9B22B2087A700B8BB7A /* TestCategories.swift */; };
		285A91332B1CC4E9008C26D9 /* (null) in Sources */ = {isa = PBXBuildFile; };
		285A91352B1CC4E9008C26D9 /* TabBarView.swift in Sources */ = {isa = PBXBuildFile; fileRef = 285A91342B1CC4E9008C26D9 /* TabBarView.swift */; };
		285A91372B1CC4EB008C26D9 /* Assets.xcassets in Resources */ = {isa = PBXBuildFile; fileRef = 285A91362B1CC4EB008C26D9 /* Assets.xcassets */; };
		285A913A2B1CC4EB008C26D9 /* Preview Assets.xcassets in Resources */ = {isa = PBXBuildFile; fileRef = 285A91392B1CC4EB008C26D9 /* Preview Assets.xcassets */; };
		285A91412B1CC757008C26D9 /* README.md in Resources */ = {isa = PBXBuildFile; fileRef = 285A91402B1CC757008C26D9 /* README.md */; };
		285A91492B1CCB26008C26D9 /* AccountView.swift in Sources */ = {isa = PBXBuildFile; fileRef = 285A91482B1CCB26008C26D9 /* AccountView.swift */; };
		285A914B2B1CCB2F008C26D9 /* CartView.swift in Sources */ = {isa = PBXBuildFile; fileRef = 285A914A2B1CCB2F008C26D9 /* CartView.swift */; };
		285A914D2B1CCB39008C26D9 /* ProductView.swift in Sources */ = {isa = PBXBuildFile; fileRef = 285A914C2B1CCB39008C26D9 /* ProductView.swift */; };
		285A914F2B1CCB42008C26D9 /* CategoriesView.swift in Sources */ = {isa = PBXBuildFile; fileRef = 285A914E2B1CCB42008C26D9 /* CategoriesView.swift */; };
		285A91512B1CCB4B008C26D9 /* HomeView.swift in Sources */ = {isa = PBXBuildFile; fileRef = 285A91502B1CCB4B008C26D9 /* HomeView.swift */; };
		285A91532B1CCB55008C26D9 /* WelcomeView.swift in Sources */ = {isa = PBXBuildFile; fileRef = 285A91522B1CCB55008C26D9 /* WelcomeView.swift */; };
		285A91582B1CF4B6008C26D9 /* Kingfisher in Frameworks */ = {isa = PBXBuildFile; productRef = 285A91572B1CF4B6008C26D9 /* Kingfisher */; };
		28AE56032B2243E0009D2C3B /* BookStoreAppApp.swift in Sources */ = {isa = PBXBuildFile; fileRef = 28AE56022B2243E0009D2C3B /* BookStoreAppApp.swift */; };
		6F2AF8F12B206BBD00D80C3C /* GoogleService-Info.plist in Resources */ = {isa = PBXBuildFile; fileRef = 6F2AF8F02B206BBD00D80C3C /* GoogleService-Info.plist */; };
		6F2AF8F42B2071FC00D80C3C /* FirebaseAuth in Frameworks */ = {isa = PBXBuildFile; productRef = 6F2AF8F32B2071FC00D80C3C /* FirebaseAuth */; };
		6F2AF8F62B2071FC00D80C3C /* FirebaseAuthCombine-Community in Frameworks */ = {isa = PBXBuildFile; productRef = 6F2AF8F52B2071FC00D80C3C /* FirebaseAuthCombine-Community */; };
		6F2AF8F82B2071FC00D80C3C /* FirebaseDatabase in Frameworks */ = {isa = PBXBuildFile; productRef = 6F2AF8F72B2071FC00D80C3C /* FirebaseDatabase */; };
		6F2AF8FA2B2071FC00D80C3C /* FirebaseDatabaseSwift in Frameworks */ = {isa = PBXBuildFile; productRef = 6F2AF8F92B2071FC00D80C3C /* FirebaseDatabaseSwift */; };
		6F2AF8FC2B2071FC00D80C3C /* FirebaseDynamicLinks in Frameworks */ = {isa = PBXBuildFile; productRef = 6F2AF8FB2B2071FC00D80C3C /* FirebaseDynamicLinks */; };
		6F2AF8FE2B2071FC00D80C3C /* FirebaseFirestore in Frameworks */ = {isa = PBXBuildFile; productRef = 6F2AF8FD2B2071FC00D80C3C /* FirebaseFirestore */; };
		6F2AF9002B2071FC00D80C3C /* FirebaseFirestoreCombine-Community in Frameworks */ = {isa = PBXBuildFile; productRef = 6F2AF8FF2B2071FC00D80C3C /* FirebaseFirestoreCombine-Community */; };
		6F2AF9022B2071FC00D80C3C /* FirebaseFirestoreSwift in Frameworks */ = {isa = PBXBuildFile; productRef = 6F2AF9012B2071FC00D80C3C /* FirebaseFirestoreSwift */; };
		6F2AF9042B2071FC00D80C3C /* FirebaseStorage in Frameworks */ = {isa = PBXBuildFile; productRef = 6F2AF9032B2071FC00D80C3C /* FirebaseStorage */; };
		6F2AF9062B2071FC00D80C3C /* FirebaseStorageCombine-Community in Frameworks */ = {isa = PBXBuildFile; productRef = 6F2AF9052B2071FC00D80C3C /* FirebaseStorageCombine-Community */; };
		D3B5F0BB2B2246DD007AC332 /* TitleView.swift in Sources */ = {isa = PBXBuildFile; fileRef = D3B5F0BA2B2246DD007AC332 /* TitleView.swift */; };
		D3B5F0BD2B224E3A007AC332 /* PickerView.swift in Sources */ = {isa = PBXBuildFile; fileRef = D3B5F0BC2B224E3A007AC332 /* PickerView.swift */; };
		D3B5F0C02B2253B3007AC332 /* ModelPickerView.swift in Sources */ = {isa = PBXBuildFile; fileRef = D3B5F0BF2B2253B3007AC332 /* ModelPickerView.swift */; };
		D3B5F0C32B225807007AC332 /* SearchView.swift in Sources */ = {isa = PBXBuildFile; fileRef = D3B5F0C22B225807007AC332 /* SearchView.swift */; };
		D3B5F0C52B225951007AC332 /* EmptyViewSearch.swift in Sources */ = {isa = PBXBuildFile; fileRef = D3B5F0C42B225951007AC332 /* EmptyViewSearch.swift */; };
		D3B5F0C72B226267007AC332 /* MainView.swift in Sources */ = {isa = PBXBuildFile; fileRef = D3B5F0C62B226267007AC332 /* MainView.swift */; };
		D3B5F0CA2B2265CB007AC332 /* GridBooksView.swift in Sources */ = {isa = PBXBuildFile; fileRef = D3B5F0C92B2265CB007AC332 /* GridBooksView.swift */; };
		D3CCB7272B1E34C5006E4723 /* OnboardingView.swift in Sources */ = {isa = PBXBuildFile; fileRef = D3CCB7262B1E34C5006E4723 /* OnboardingView.swift */; };
		D3CCB7292B1E34CC006E4723 /* FeatureView.swift in Sources */ = {isa = PBXBuildFile; fileRef = D3CCB7282B1E34CC006E4723 /* FeatureView.swift */; };
		D3CCB72C2B1E363E006E4723 /* ButtonNextView.swift in Sources */ = {isa = PBXBuildFile; fileRef = D3CCB72B2B1E363E006E4723 /* ButtonNextView.swift */; };
		D3CCB72E2B1E3659006E4723 /* ButtonStyle.swift in Sources */ = {isa = PBXBuildFile; fileRef = D3CCB72D2B1E3659006E4723 /* ButtonStyle.swift */; };
		D3CCB7332B1E3754006E4723 /* FeatureCard.swift in Sources */ = {isa = PBXBuildFile; fileRef = D3CCB7322B1E3754006E4723 /* FeatureCard.swift */; };
		D3CCB7352B1E38AB006E4723 /* FinishView.swift in Sources */ = {isa = PBXBuildFile; fileRef = D3CCB7342B1E38AB006E4723 /* FinishView.swift */; };
		D3CCB7372B1E45DA006E4723 /* ButtonFinishView.swift in Sources */ = {isa = PBXBuildFile; fileRef = D3CCB7362B1E45DA006E4723 /* ButtonFinishView.swift */; };
		D3DAC9442B20A6F6001E6E47 /* CaruselBooksView.swift in Sources */ = {isa = PBXBuildFile; fileRef = D3DAC9432B20A6F6001E6E47 /* CaruselBooksView.swift */; };
		D3DAC9462B20A716001E6E47 /* BookCaruselView.swift in Sources */ = {isa = PBXBuildFile; fileRef = D3DAC9452B20A716001E6E47 /* BookCaruselView.swift */; };
		FA3B69442B233F23006DB1E7 /* CategoryDetailsView.swift in Sources */ = {isa = PBXBuildFile; fileRef = FA3B69432B233F23006DB1E7 /* CategoryDetailsView.swift */; };
		FA4C31192B1D038F00501B2D /* PictureTextView.swift in Sources */ = {isa = PBXBuildFile; fileRef = FA4C31182B1D038F00501B2D /* PictureTextView.swift */; };
		FA6D055E2B208D20004EA553 /* WebView.swift in Sources */ = {isa = PBXBuildFile; fileRef = FA6D055D2B208D20004EA553 /* WebView.swift */; };
		FA6D05602B2097A3004EA553 /* MockDataProductView.swift in Sources */ = {isa = PBXBuildFile; fileRef = FA6D055F2B2097A3004EA553 /* MockDataProductView.swift */; };
		FA6D056A2B22736C004EA553 /* BookAppViewModel.swift in Sources */ = {isa = PBXBuildFile; fileRef = FA6D05692B22736C004EA553 /* BookAppViewModel.swift */; };
/* End PBXBuildFile section */

/* Begin PBXFileReference section */
		0D6925272B22636D00247E4C /* TestDetailView.swift */ = {isa = PBXFileReference; lastKnownFileType = sourcecode.swift; path = TestDetailView.swift; sourceTree = "<group>"; };
		0D940B7A2B1CF98600FAA484 /* NetworkErrors.swift */ = {isa = PBXFileReference; lastKnownFileType = sourcecode.swift; path = NetworkErrors.swift; sourceTree = "<group>"; };
		0D940B7C2B1CF9AB00FAA484 /* NetworkService.swift */ = {isa = PBXFileReference; lastKnownFileType = sourcecode.swift; path = NetworkService.swift; sourceTree = "<group>"; };
		0D940B7E2B1CF9BD00FAA484 /* NetworkDataFetcher.swift */ = {isa = PBXFileReference; lastKnownFileType = sourcecode.swift; path = NetworkDataFetcher.swift; sourceTree = "<group>"; };
		0D940B802B1CFB5200FAA484 /* SearchBooks.swift */ = {isa = PBXFileReference; lastKnownFileType = sourcecode.swift; path = SearchBooks.swift; sourceTree = "<group>"; };
		0D940B852B1CFBB200FAA484 /* SwiftUITestScreen.swift */ = {isa = PBXFileReference; lastKnownFileType = sourcecode.swift; path = SwiftUITestScreen.swift; sourceTree = "<group>"; };
		0D940B882B1E448A00FAA484 /* RequestMethod.swift */ = {isa = PBXFileReference; lastKnownFileType = sourcecode.swift; path = RequestMethod.swift; sourceTree = "<group>"; };
		0D940B8A2B1EF25200FAA484 /* NetworkAgregateModel.swift */ = {isa = PBXFileReference; lastKnownFileType = sourcecode.swift; path = NetworkAgregateModel.swift; sourceTree = "<group>"; };
		0DBBD9B22B2087A700B8BB7A /* TestCategories.swift */ = {isa = PBXFileReference; lastKnownFileType = sourcecode.swift; path = TestCategories.swift; sourceTree = "<group>"; };
		285A912F2B1CC4E9008C26D9 /* BookStoreApp.app */ = {isa = PBXFileReference; explicitFileType = wrapper.application; includeInIndex = 0; path = BookStoreApp.app; sourceTree = BUILT_PRODUCTS_DIR; };
		285A91342B1CC4E9008C26D9 /* TabBarView.swift */ = {isa = PBXFileReference; lastKnownFileType = sourcecode.swift; path = TabBarView.swift; sourceTree = "<group>"; };
		285A91362B1CC4EB008C26D9 /* Assets.xcassets */ = {isa = PBXFileReference; lastKnownFileType = folder.assetcatalog; path = Assets.xcassets; sourceTree = "<group>"; };
		285A91392B1CC4EB008C26D9 /* Preview Assets.xcassets */ = {isa = PBXFileReference; lastKnownFileType = folder.assetcatalog; path = "Preview Assets.xcassets"; sourceTree = "<group>"; };
		285A91402B1CC757008C26D9 /* README.md */ = {isa = PBXFileReference; lastKnownFileType = net.daringfireball.markdown; path = README.md; sourceTree = "<group>"; };
		285A91482B1CCB26008C26D9 /* AccountView.swift */ = {isa = PBXFileReference; lastKnownFileType = sourcecode.swift; path = AccountView.swift; sourceTree = "<group>"; };
		285A914A2B1CCB2F008C26D9 /* CartView.swift */ = {isa = PBXFileReference; lastKnownFileType = sourcecode.swift; path = CartView.swift; sourceTree = "<group>"; };
		285A914C2B1CCB39008C26D9 /* ProductView.swift */ = {isa = PBXFileReference; lastKnownFileType = sourcecode.swift; path = ProductView.swift; sourceTree = "<group>"; };
		285A914E2B1CCB42008C26D9 /* CategoriesView.swift */ = {isa = PBXFileReference; lastKnownFileType = sourcecode.swift; path = CategoriesView.swift; sourceTree = "<group>"; };
		285A91502B1CCB4B008C26D9 /* HomeView.swift */ = {isa = PBXFileReference; lastKnownFileType = sourcecode.swift; path = HomeView.swift; sourceTree = "<group>"; };
		285A91522B1CCB55008C26D9 /* WelcomeView.swift */ = {isa = PBXFileReference; lastKnownFileType = sourcecode.swift; path = WelcomeView.swift; sourceTree = "<group>"; };
		28AE56022B2243E0009D2C3B /* BookStoreAppApp.swift */ = {isa = PBXFileReference; lastKnownFileType = sourcecode.swift; path = BookStoreAppApp.swift; sourceTree = "<group>"; };
		6F2AF8F02B206BBD00D80C3C /* GoogleService-Info.plist */ = {isa = PBXFileReference; fileEncoding = 4; lastKnownFileType = text.plist.xml; path = "GoogleService-Info.plist"; sourceTree = "<group>"; };
		D3B5F0BA2B2246DD007AC332 /* TitleView.swift */ = {isa = PBXFileReference; lastKnownFileType = sourcecode.swift; path = TitleView.swift; sourceTree = "<group>"; };
		D3B5F0BC2B224E3A007AC332 /* PickerView.swift */ = {isa = PBXFileReference; lastKnownFileType = sourcecode.swift; path = PickerView.swift; sourceTree = "<group>"; };
		D3B5F0BF2B2253B3007AC332 /* ModelPickerView.swift */ = {isa = PBXFileReference; lastKnownFileType = sourcecode.swift; path = ModelPickerView.swift; sourceTree = "<group>"; };
		D3B5F0C22B225807007AC332 /* SearchView.swift */ = {isa = PBXFileReference; lastKnownFileType = sourcecode.swift; path = SearchView.swift; sourceTree = "<group>"; };
		D3B5F0C42B225951007AC332 /* EmptyViewSearch.swift */ = {isa = PBXFileReference; lastKnownFileType = sourcecode.swift; path = EmptyViewSearch.swift; sourceTree = "<group>"; };
		D3B5F0C62B226267007AC332 /* MainView.swift */ = {isa = PBXFileReference; lastKnownFileType = sourcecode.swift; path = MainView.swift; sourceTree = "<group>"; };
		D3B5F0C92B2265CB007AC332 /* GridBooksView.swift */ = {isa = PBXFileReference; lastKnownFileType = sourcecode.swift; path = GridBooksView.swift; sourceTree = "<group>"; };
		D3CCB7262B1E34C5006E4723 /* OnboardingView.swift */ = {isa = PBXFileReference; lastKnownFileType = sourcecode.swift; path = OnboardingView.swift; sourceTree = "<group>"; };
		D3CCB7282B1E34CC006E4723 /* FeatureView.swift */ = {isa = PBXFileReference; lastKnownFileType = sourcecode.swift; path = FeatureView.swift; sourceTree = "<group>"; };
		D3CCB72B2B1E363E006E4723 /* ButtonNextView.swift */ = {isa = PBXFileReference; lastKnownFileType = sourcecode.swift; path = ButtonNextView.swift; sourceTree = "<group>"; };
		D3CCB72D2B1E3659006E4723 /* ButtonStyle.swift */ = {isa = PBXFileReference; lastKnownFileType = sourcecode.swift; path = ButtonStyle.swift; sourceTree = "<group>"; };
		D3CCB7322B1E3754006E4723 /* FeatureCard.swift */ = {isa = PBXFileReference; lastKnownFileType = sourcecode.swift; path = FeatureCard.swift; sourceTree = "<group>"; };
		D3CCB7342B1E38AB006E4723 /* FinishView.swift */ = {isa = PBXFileReference; lastKnownFileType = sourcecode.swift; path = FinishView.swift; sourceTree = "<group>"; };
		D3CCB7362B1E45DA006E4723 /* ButtonFinishView.swift */ = {isa = PBXFileReference; lastKnownFileType = sourcecode.swift; path = ButtonFinishView.swift; sourceTree = "<group>"; };
		D3DAC9432B20A6F6001E6E47 /* CaruselBooksView.swift */ = {isa = PBXFileReference; lastKnownFileType = sourcecode.swift; path = CaruselBooksView.swift; sourceTree = "<group>"; };
		D3DAC9452B20A716001E6E47 /* BookCaruselView.swift */ = {isa = PBXFileReference; lastKnownFileType = sourcecode.swift; path = BookCaruselView.swift; sourceTree = "<group>"; };
		FA3B69432B233F23006DB1E7 /* CategoryDetailsView.swift */ = {isa = PBXFileReference; lastKnownFileType = sourcecode.swift; path = CategoryDetailsView.swift; sourceTree = "<group>"; };
		FA4C31182B1D038F00501B2D /* PictureTextView.swift */ = {isa = PBXFileReference; lastKnownFileType = sourcecode.swift; path = PictureTextView.swift; sourceTree = "<group>"; };
		FA6D055D2B208D20004EA553 /* WebView.swift */ = {isa = PBXFileReference; lastKnownFileType = sourcecode.swift; path = WebView.swift; sourceTree = "<group>"; };
		FA6D055F2B2097A3004EA553 /* MockDataProductView.swift */ = {isa = PBXFileReference; lastKnownFileType = sourcecode.swift; path = MockDataProductView.swift; sourceTree = "<group>"; };
		FA6D05692B22736C004EA553 /* BookAppViewModel.swift */ = {isa = PBXFileReference; lastKnownFileType = sourcecode.swift; path = BookAppViewModel.swift; sourceTree = "<group>"; };
/* End PBXFileReference section */

/* Begin PBXFrameworksBuildPhase section */
		285A912C2B1CC4E9008C26D9 /* Frameworks */ = {
			isa = PBXFrameworksBuildPhase;
			buildActionMask = 2147483647;
			files = (
				6F2AF9062B2071FC00D80C3C /* FirebaseStorageCombine-Community in Frameworks */,
				6F2AF8FA2B2071FC00D80C3C /* FirebaseDatabaseSwift in Frameworks */,
				6F2AF9002B2071FC00D80C3C /* FirebaseFirestoreCombine-Community in Frameworks */,
				285A91582B1CF4B6008C26D9 /* Kingfisher in Frameworks */,
				6F2AF9042B2071FC00D80C3C /* FirebaseStorage in Frameworks */,
				6F2AF8F62B2071FC00D80C3C /* FirebaseAuthCombine-Community in Frameworks */,
				6F2AF8F82B2071FC00D80C3C /* FirebaseDatabase in Frameworks */,
				6F2AF8F42B2071FC00D80C3C /* FirebaseAuth in Frameworks */,
				6F2AF8FC2B2071FC00D80C3C /* FirebaseDynamicLinks in Frameworks */,
				6F2AF8FE2B2071FC00D80C3C /* FirebaseFirestore in Frameworks */,
				6F2AF9022B2071FC00D80C3C /* FirebaseFirestoreSwift in Frameworks */,
			);
			runOnlyForDeploymentPostprocessing = 0;
		};
/* End PBXFrameworksBuildPhase section */

/* Begin PBXGroup section */
		0D940B822B1CFB5A00FAA484 /* Model */ = {
			isa = PBXGroup;
			children = (
				0D940B802B1CFB5200FAA484 /* SearchBooks.swift */,
				0D940B8A2B1EF25200FAA484 /* NetworkAgregateModel.swift */,
			);
			path = Model;
			sourceTree = "<group>";
		};
		0D940B872B1CFF4400FAA484 /* Test */ = {
			isa = PBXGroup;
			children = (
				0D940B852B1CFBB200FAA484 /* SwiftUITestScreen.swift */,
				0DBBD9B22B2087A700B8BB7A /* TestCategories.swift */,
				0D6925272B22636D00247E4C /* TestDetailView.swift */,
			);
			path = Test;
			sourceTree = "<group>";
		};
		285A91262B1CC4E9008C26D9 = {
			isa = PBXGroup;
			children = (
				6F2AF8F02B206BBD00D80C3C /* GoogleService-Info.plist */,
				285A91402B1CC757008C26D9 /* README.md */,
				285A91312B1CC4E9008C26D9 /* BookStoreApp */,
				285A91302B1CC4E9008C26D9 /* Products */,
			);
			sourceTree = "<group>";
		};
		285A91302B1CC4E9008C26D9 /* Products */ = {
			isa = PBXGroup;
			children = (
				285A912F2B1CC4E9008C26D9 /* BookStoreApp.app */,
			);
			name = Products;
			sourceTree = "<group>";
		};
		285A91312B1CC4E9008C26D9 /* BookStoreApp */ = {
			isa = PBXGroup;
			children = (
				FA6D05662B227110004EA553 /* BookAppViewModel */,
				28AE56022B2243E0009D2C3B /* BookStoreAppApp.swift */,
				285A91342B1CC4E9008C26D9 /* TabBarView.swift */,
				285A91422B1CCAC1008C26D9 /* WelcomeScreen */,
				285A91432B1CCADA008C26D9 /* HomeScreen */,
				285A91442B1CCAEE008C26D9 /* CategoriesScreen */,
				FA3B69422B233EF3006DB1E7 /* CategoryDetailsView */,
				285A91452B1CCAFA008C26D9 /* ProductScreen */,
				285A91462B1CCB08008C26D9 /* CartScreen */,
				285A91472B1CCB11008C26D9 /* AccountScreen */,
				285A91552B1CCB6F008C26D9 /* Helpers */,
				0D940B822B1CFB5A00FAA484 /* Model */,
				285A91542B1CCB5D008C26D9 /* NetworkService */,
				285A91362B1CC4EB008C26D9 /* Assets.xcassets */,
				285A91382B1CC4EB008C26D9 /* Preview Content */,
			);
			path = BookStoreApp;
			sourceTree = "<group>";
		};
		285A91382B1CC4EB008C26D9 /* Preview Content */ = {
			isa = PBXGroup;
			children = (
				285A91392B1CC4EB008C26D9 /* Preview Assets.xcassets */,
			);
			path = "Preview Content";
			sourceTree = "<group>";
		};
		285A91422B1CCAC1008C26D9 /* WelcomeScreen */ = {
			isa = PBXGroup;
			children = (
				D3CCB7262B1E34C5006E4723 /* OnboardingView.swift */,
				D3CCB7252B1E349A006E4723 /* Page */,
				D3CCB7312B1E374C006E4723 /* Card */,
				D3CCB72A2B1E3618006E4723 /* Button */,
			);
			path = WelcomeScreen;
			sourceTree = "<group>";
		};
		285A91432B1CCADA008C26D9 /* HomeScreen */ = {
			isa = PBXGroup;
			children = (
				285A91502B1CCB4B008C26D9 /* HomeView.swift */,
				D3B5F0C82B226466007AC332 /* View */,
			);
			path = HomeScreen;
			sourceTree = "<group>";
		};
		285A91442B1CCAEE008C26D9 /* CategoriesScreen */ = {
			isa = PBXGroup;
			children = (
				285A914E2B1CCB42008C26D9 /* CategoriesView.swift */,
			);
			path = CategoriesScreen;
			sourceTree = "<group>";
		};
		285A91452B1CCAFA008C26D9 /* ProductScreen */ = {
			isa = PBXGroup;
			children = (
				285A914C2B1CCB39008C26D9 /* ProductView.swift */,
				FA4C31182B1D038F00501B2D /* PictureTextView.swift */,
				FA6D055D2B208D20004EA553 /* WebView.swift */,
				FA6D055F2B2097A3004EA553 /* MockDataProductView.swift */,
			);
			path = ProductScreen;
			sourceTree = "<group>";
		};
		285A91462B1CCB08008C26D9 /* CartScreen */ = {
			isa = PBXGroup;
			children = (
				285A914A2B1CCB2F008C26D9 /* CartView.swift */,
			);
			path = CartScreen;
			sourceTree = "<group>";
		};
		285A91472B1CCB11008C26D9 /* AccountScreen */ = {
			isa = PBXGroup;
			children = (
				285A91482B1CCB26008C26D9 /* AccountView.swift */,
			);
			path = AccountScreen;
			sourceTree = "<group>";
		};
		285A91542B1CCB5D008C26D9 /* NetworkService */ = {
			isa = PBXGroup;
			children = (
				0D940B7C2B1CF9AB00FAA484 /* NetworkService.swift */,
				0D940B7E2B1CF9BD00FAA484 /* NetworkDataFetcher.swift */,
				0D940B882B1E448A00FAA484 /* RequestMethod.swift */,
				0D940B7A2B1CF98600FAA484 /* NetworkErrors.swift */,
				0D940B872B1CFF4400FAA484 /* Test */,
			);
			name = NetworkService;
			path = Helpers/NetworkService;
			sourceTree = "<group>";
		};
		285A91552B1CCB6F008C26D9 /* Helpers */ = {
			isa = PBXGroup;
			children = (
			);
			path = Helpers;
			sourceTree = "<group>";
		};
		D3B5F0BE2B2253A6007AC332 /* PickerView */ = {
			isa = PBXGroup;
			children = (
				D3B5F0BC2B224E3A007AC332 /* PickerView.swift */,
				D3B5F0BF2B2253B3007AC332 /* ModelPickerView.swift */,
			);
			path = PickerView;
			sourceTree = "<group>";
		};
		D3B5F0C12B2257F1007AC332 /* SearchView */ = {
			isa = PBXGroup;
			children = (
				D3B5F0C22B225807007AC332 /* SearchView.swift */,
				D3B5F0C42B225951007AC332 /* EmptyViewSearch.swift */,
			);
			path = SearchView;
			sourceTree = "<group>";
		};
		D3B5F0C82B226466007AC332 /* View */ = {
			isa = PBXGroup;
			children = (
				D3B5F0C62B226267007AC332 /* MainView.swift */,
				D3B5F0BA2B2246DD007AC332 /* TitleView.swift */,
				D3B5F0C12B2257F1007AC332 /* SearchView */,
				D3DAC9422B20A6E0001E6E47 /* CaruselBooksView */,
				D3B5F0BE2B2253A6007AC332 /* PickerView */,
			);
			name = View;
			sourceTree = "<group>";
		};
		D3CCB7252B1E349A006E4723 /* Page */ = {
			isa = PBXGroup;
			children = (
				285A91522B1CCB55008C26D9 /* WelcomeView.swift */,
				D3CCB7282B1E34CC006E4723 /* FeatureView.swift */,
				D3CCB7342B1E38AB006E4723 /* FinishView.swift */,
			);
			path = Page;
			sourceTree = "<group>";
		};
		D3CCB72A2B1E3618006E4723 /* Button */ = {
			isa = PBXGroup;
			children = (
				D3CCB72B2B1E363E006E4723 /* ButtonNextView.swift */,
				D3CCB7362B1E45DA006E4723 /* ButtonFinishView.swift */,
				D3CCB72D2B1E3659006E4723 /* ButtonStyle.swift */,
			);
			path = Button;
			sourceTree = "<group>";
		};
		D3CCB7312B1E374C006E4723 /* Card */ = {
			isa = PBXGroup;
			children = (
				D3CCB7322B1E3754006E4723 /* FeatureCard.swift */,
			);
			path = Card;
			sourceTree = "<group>";
		};
		D3DAC9422B20A6E0001E6E47 /* CaruselBooksView */ = {
			isa = PBXGroup;
			children = (
				D3DAC9432B20A6F6001E6E47 /* CaruselBooksView.swift */,
				D3B5F0C92B2265CB007AC332 /* GridBooksView.swift */,
				D3DAC9452B20A716001E6E47 /* BookCaruselView.swift */,
			);
			path = CaruselBooksView;
			sourceTree = "<group>";
		};
		FA3B69422B233EF3006DB1E7 /* CategoryDetailsView */ = {
			isa = PBXGroup;
			children = (
				FA3B69432B233F23006DB1E7 /* CategoryDetailsView.swift */,
			);
			path = CategoryDetailsView;
			sourceTree = "<group>";
		};
		FA6D05662B227110004EA553 /* BookAppViewModel */ = {
			isa = PBXGroup;
			children = (
				FA6D05692B22736C004EA553 /* BookAppViewModel.swift */,
			);
			path = BookAppViewModel;
			sourceTree = "<group>";
		};
/* End PBXGroup section */

/* Begin PBXNativeTarget section */
		285A912E2B1CC4E9008C26D9 /* BookStoreApp */ = {
			isa = PBXNativeTarget;
			buildConfigurationList = 285A913D2B1CC4EB008C26D9 /* Build configuration list for PBXNativeTarget "BookStoreApp" */;
			buildPhases = (
				285A912B2B1CC4E9008C26D9 /* Sources */,
				285A912C2B1CC4E9008C26D9 /* Frameworks */,
				285A912D2B1CC4E9008C26D9 /* Resources */,
			);
			buildRules = (
			);
			dependencies = (
			);
			name = BookStoreApp;
			packageProductDependencies = (
				285A91572B1CF4B6008C26D9 /* Kingfisher */,
				6F2AF8F32B2071FC00D80C3C /* FirebaseAuth */,
				6F2AF8F52B2071FC00D80C3C /* FirebaseAuthCombine-Community */,
				6F2AF8F72B2071FC00D80C3C /* FirebaseDatabase */,
				6F2AF8F92B2071FC00D80C3C /* FirebaseDatabaseSwift */,
				6F2AF8FB2B2071FC00D80C3C /* FirebaseDynamicLinks */,
				6F2AF8FD2B2071FC00D80C3C /* FirebaseFirestore */,
				6F2AF8FF2B2071FC00D80C3C /* FirebaseFirestoreCombine-Community */,
				6F2AF9012B2071FC00D80C3C /* FirebaseFirestoreSwift */,
				6F2AF9032B2071FC00D80C3C /* FirebaseStorage */,
				6F2AF9052B2071FC00D80C3C /* FirebaseStorageCombine-Community */,
			);
			productName = BookStoreApp;
			productReference = 285A912F2B1CC4E9008C26D9 /* BookStoreApp.app */;
			productType = "com.apple.product-type.application";
		};
/* End PBXNativeTarget section */

/* Begin PBXProject section */
		285A91272B1CC4E9008C26D9 /* Project object */ = {
			isa = PBXProject;
			attributes = {
				BuildIndependentTargetsInParallel = 1;
				LastSwiftUpdateCheck = 1500;
				LastUpgradeCheck = 1500;
				TargetAttributes = {
					285A912E2B1CC4E9008C26D9 = {
						CreatedOnToolsVersion = 15.0;
					};
				};
			};
			buildConfigurationList = 285A912A2B1CC4E9008C26D9 /* Build configuration list for PBXProject "BookStoreApp" */;
			compatibilityVersion = "Xcode 14.0";
			developmentRegion = en;
			hasScannedForEncodings = 0;
			knownRegions = (
				en,
				Base,
			);
			mainGroup = 285A91262B1CC4E9008C26D9;
			packageReferences = (
				285A91562B1CF4B6008C26D9 /* XCRemoteSwiftPackageReference "Kingfisher" */,
				6F2AF8F22B2071FC00D80C3C /* XCRemoteSwiftPackageReference "firebase-ios-sdk" */,
			);
			productRefGroup = 285A91302B1CC4E9008C26D9 /* Products */;
			projectDirPath = "";
			projectRoot = "";
			targets = (
				285A912E2B1CC4E9008C26D9 /* BookStoreApp */,
			);
		};
/* End PBXProject section */

/* Begin PBXResourcesBuildPhase section */
		285A912D2B1CC4E9008C26D9 /* Resources */ = {
			isa = PBXResourcesBuildPhase;
			buildActionMask = 2147483647;
			files = (
				285A91412B1CC757008C26D9 /* README.md in Resources */,
				285A913A2B1CC4EB008C26D9 /* Preview Assets.xcassets in Resources */,
				6F2AF8F12B206BBD00D80C3C /* GoogleService-Info.plist in Resources */,
				285A91372B1CC4EB008C26D9 /* Assets.xcassets in Resources */,
			);
			runOnlyForDeploymentPostprocessing = 0;
		};
/* End PBXResourcesBuildPhase section */

/* Begin PBXSourcesBuildPhase section */
		285A912B2B1CC4E9008C26D9 /* Sources */ = {
			isa = PBXSourcesBuildPhase;
			buildActionMask = 2147483647;
			files = (
				D3CCB72E2B1E3659006E4723 /* ButtonStyle.swift in Sources */,
				D3B5F0C72B226267007AC332 /* MainView.swift in Sources */,
				0D940B7D2B1CF9AB00FAA484 /* NetworkService.swift in Sources */,
				285A914D2B1CCB39008C26D9 /* ProductView.swift in Sources */,
				D3DAC9442B20A6F6001E6E47 /* CaruselBooksView.swift in Sources */,
				FA6D055E2B208D20004EA553 /* WebView.swift in Sources */,
				D3B5F0C32B225807007AC332 /* SearchView.swift in Sources */,
				D3CCB7332B1E3754006E4723 /* FeatureCard.swift in Sources */,
				FA6D056A2B22736C004EA553 /* BookAppViewModel.swift in Sources */,
				D3CCB72C2B1E363E006E4723 /* ButtonNextView.swift in Sources */,
				28AE56032B2243E0009D2C3B /* BookStoreAppApp.swift in Sources */,
				D3B5F0C02B2253B3007AC332 /* ModelPickerView.swift in Sources */,
				FA4C31192B1D038F00501B2D /* PictureTextView.swift in Sources */,
				285A91512B1CCB4B008C26D9 /* HomeView.swift in Sources */,
				D3CCB7272B1E34C5006E4723 /* OnboardingView.swift in Sources */,
				0D940B812B1CFB5200FAA484 /* SearchBooks.swift in Sources */,
				0D940B892B1E448A00FAA484 /* RequestMethod.swift in Sources */,
				0DBBD9B32B2087A700B8BB7A /* TestCategories.swift in Sources */,
				0D940B7F2B1CF9BD00FAA484 /* NetworkDataFetcher.swift in Sources */,
				0D940B862B1CFBB200FAA484 /* SwiftUITestScreen.swift in Sources */,
				0D940B8B2B1EF25200FAA484 /* NetworkAgregateModel.swift in Sources */,
				285A91492B1CCB26008C26D9 /* AccountView.swift in Sources */,
				0D6925282B22636D00247E4C /* TestDetailView.swift in Sources */,
				285A91532B1CCB55008C26D9 /* WelcomeView.swift in Sources */,
				D3CCB7372B1E45DA006E4723 /* ButtonFinishView.swift in Sources */,
				285A914F2B1CCB42008C26D9 /* CategoriesView.swift in Sources */,
				D3CCB7292B1E34CC006E4723 /* FeatureView.swift in Sources */,
				FA3B69442B233F23006DB1E7 /* CategoryDetailsView.swift in Sources */,
				D3DAC9462B20A716001E6E47 /* BookCaruselView.swift in Sources */,
				D3B5F0BD2B224E3A007AC332 /* PickerView.swift in Sources */,
				D3CCB7352B1E38AB006E4723 /* FinishView.swift in Sources */,
				D3B5F0BB2B2246DD007AC332 /* TitleView.swift in Sources */,
				D3B5F0CA2B2265CB007AC332 /* GridBooksView.swift in Sources */,
				D3B5F0C52B225951007AC332 /* EmptyViewSearch.swift in Sources */,
				285A91352B1CC4E9008C26D9 /* TabBarView.swift in Sources */,
				285A91352B1CC4E9008C26D9 /* TabBarView.swift in Sources */,
				285A914B2B1CCB2F008C26D9 /* CartView.swift in Sources */,
				FA6D05602B2097A3004EA553 /* MockDataProductView.swift in Sources */,
				285A91332B1CC4E9008C26D9 /* (null) in Sources */,
				0D940B7B2B1CF98600FAA484 /* NetworkErrors.swift in Sources */,
			);
			runOnlyForDeploymentPostprocessing = 0;
		};
/* End PBXSourcesBuildPhase section */

/* Begin XCBuildConfiguration section */
		285A913B2B1CC4EB008C26D9 /* Debug */ = {
			isa = XCBuildConfiguration;
			buildSettings = {
				ALWAYS_SEARCH_USER_PATHS = NO;
				ASSETCATALOG_COMPILER_GENERATE_SWIFT_ASSET_SYMBOL_EXTENSIONS = YES;
				CLANG_ANALYZER_NONNULL = YES;
				CLANG_ANALYZER_NUMBER_OBJECT_CONVERSION = YES_AGGRESSIVE;
				CLANG_CXX_LANGUAGE_STANDARD = "gnu++20";
				CLANG_ENABLE_MODULES = YES;
				CLANG_ENABLE_OBJC_ARC = YES;
				CLANG_ENABLE_OBJC_WEAK = YES;
				CLANG_WARN_BLOCK_CAPTURE_AUTORELEASING = YES;
				CLANG_WARN_BOOL_CONVERSION = YES;
				CLANG_WARN_COMMA = YES;
				CLANG_WARN_CONSTANT_CONVERSION = YES;
				CLANG_WARN_DEPRECATED_OBJC_IMPLEMENTATIONS = YES;
				CLANG_WARN_DIRECT_OBJC_ISA_USAGE = YES_ERROR;
				CLANG_WARN_DOCUMENTATION_COMMENTS = YES;
				CLANG_WARN_EMPTY_BODY = YES;
				CLANG_WARN_ENUM_CONVERSION = YES;
				CLANG_WARN_INFINITE_RECURSION = YES;
				CLANG_WARN_INT_CONVERSION = YES;
				CLANG_WARN_NON_LITERAL_NULL_CONVERSION = YES;
				CLANG_WARN_OBJC_IMPLICIT_RETAIN_SELF = YES;
				CLANG_WARN_OBJC_LITERAL_CONVERSION = YES;
				CLANG_WARN_OBJC_ROOT_CLASS = YES_ERROR;
				CLANG_WARN_QUOTED_INCLUDE_IN_FRAMEWORK_HEADER = YES;
				CLANG_WARN_RANGE_LOOP_ANALYSIS = YES;
				CLANG_WARN_STRICT_PROTOTYPES = YES;
				CLANG_WARN_SUSPICIOUS_MOVE = YES;
				CLANG_WARN_UNGUARDED_AVAILABILITY = YES_AGGRESSIVE;
				CLANG_WARN_UNREACHABLE_CODE = YES;
				CLANG_WARN__DUPLICATE_METHOD_MATCH = YES;
				COPY_PHASE_STRIP = NO;
				DEBUG_INFORMATION_FORMAT = dwarf;
				ENABLE_STRICT_OBJC_MSGSEND = YES;
				ENABLE_TESTABILITY = YES;
				ENABLE_USER_SCRIPT_SANDBOXING = YES;
				GCC_C_LANGUAGE_STANDARD = gnu17;
				GCC_DYNAMIC_NO_PIC = NO;
				GCC_NO_COMMON_BLOCKS = YES;
				GCC_OPTIMIZATION_LEVEL = 0;
				GCC_PREPROCESSOR_DEFINITIONS = (
					"DEBUG=1",
					"$(inherited)",
				);
				GCC_WARN_64_TO_32_BIT_CONVERSION = YES;
				GCC_WARN_ABOUT_RETURN_TYPE = YES_ERROR;
				GCC_WARN_UNDECLARED_SELECTOR = YES;
				GCC_WARN_UNINITIALIZED_AUTOS = YES_AGGRESSIVE;
				GCC_WARN_UNUSED_FUNCTION = YES;
				GCC_WARN_UNUSED_VARIABLE = YES;
				IPHONEOS_DEPLOYMENT_TARGET = 15.0;
				LOCALIZATION_PREFERS_STRING_CATALOGS = YES;
				MTL_ENABLE_DEBUG_INFO = INCLUDE_SOURCE;
				MTL_FAST_MATH = YES;
				ONLY_ACTIVE_ARCH = YES;
				SDKROOT = iphoneos;
				SWIFT_ACTIVE_COMPILATION_CONDITIONS = "DEBUG $(inherited)";
				SWIFT_OPTIMIZATION_LEVEL = "-Onone";
			};
			name = Debug;
		};
		285A913C2B1CC4EB008C26D9 /* Release */ = {
			isa = XCBuildConfiguration;
			buildSettings = {
				ALWAYS_SEARCH_USER_PATHS = NO;
				ASSETCATALOG_COMPILER_GENERATE_SWIFT_ASSET_SYMBOL_EXTENSIONS = YES;
				CLANG_ANALYZER_NONNULL = YES;
				CLANG_ANALYZER_NUMBER_OBJECT_CONVERSION = YES_AGGRESSIVE;
				CLANG_CXX_LANGUAGE_STANDARD = "gnu++20";
				CLANG_ENABLE_MODULES = YES;
				CLANG_ENABLE_OBJC_ARC = YES;
				CLANG_ENABLE_OBJC_WEAK = YES;
				CLANG_WARN_BLOCK_CAPTURE_AUTORELEASING = YES;
				CLANG_WARN_BOOL_CONVERSION = YES;
				CLANG_WARN_COMMA = YES;
				CLANG_WARN_CONSTANT_CONVERSION = YES;
				CLANG_WARN_DEPRECATED_OBJC_IMPLEMENTATIONS = YES;
				CLANG_WARN_DIRECT_OBJC_ISA_USAGE = YES_ERROR;
				CLANG_WARN_DOCUMENTATION_COMMENTS = YES;
				CLANG_WARN_EMPTY_BODY = YES;
				CLANG_WARN_ENUM_CONVERSION = YES;
				CLANG_WARN_INFINITE_RECURSION = YES;
				CLANG_WARN_INT_CONVERSION = YES;
				CLANG_WARN_NON_LITERAL_NULL_CONVERSION = YES;
				CLANG_WARN_OBJC_IMPLICIT_RETAIN_SELF = YES;
				CLANG_WARN_OBJC_LITERAL_CONVERSION = YES;
				CLANG_WARN_OBJC_ROOT_CLASS = YES_ERROR;
				CLANG_WARN_QUOTED_INCLUDE_IN_FRAMEWORK_HEADER = YES;
				CLANG_WARN_RANGE_LOOP_ANALYSIS = YES;
				CLANG_WARN_STRICT_PROTOTYPES = YES;
				CLANG_WARN_SUSPICIOUS_MOVE = YES;
				CLANG_WARN_UNGUARDED_AVAILABILITY = YES_AGGRESSIVE;
				CLANG_WARN_UNREACHABLE_CODE = YES;
				CLANG_WARN__DUPLICATE_METHOD_MATCH = YES;
				COPY_PHASE_STRIP = NO;
				DEBUG_INFORMATION_FORMAT = "dwarf-with-dsym";
				ENABLE_NS_ASSERTIONS = NO;
				ENABLE_STRICT_OBJC_MSGSEND = YES;
				ENABLE_USER_SCRIPT_SANDBOXING = YES;
				GCC_C_LANGUAGE_STANDARD = gnu17;
				GCC_NO_COMMON_BLOCKS = YES;
				GCC_WARN_64_TO_32_BIT_CONVERSION = YES;
				GCC_WARN_ABOUT_RETURN_TYPE = YES_ERROR;
				GCC_WARN_UNDECLARED_SELECTOR = YES;
				GCC_WARN_UNINITIALIZED_AUTOS = YES_AGGRESSIVE;
				GCC_WARN_UNUSED_FUNCTION = YES;
				GCC_WARN_UNUSED_VARIABLE = YES;
				IPHONEOS_DEPLOYMENT_TARGET = 15.0;
				LOCALIZATION_PREFERS_STRING_CATALOGS = YES;
				MTL_ENABLE_DEBUG_INFO = NO;
				MTL_FAST_MATH = YES;
				SDKROOT = iphoneos;
				SWIFT_COMPILATION_MODE = wholemodule;
				VALIDATE_PRODUCT = YES;
			};
			name = Release;
		};
		285A913E2B1CC4EB008C26D9 /* Debug */ = {
			isa = XCBuildConfiguration;
			buildSettings = {
				ASSETCATALOG_COMPILER_APPICON_NAME = AppIcon;
				ASSETCATALOG_COMPILER_GLOBAL_ACCENT_COLOR_NAME = AccentColor;
				CODE_SIGN_STYLE = Automatic;
				CURRENT_PROJECT_VERSION = 1;
				DEVELOPMENT_ASSET_PATHS = "\"BookStoreApp/Preview Content\"";
				DEVELOPMENT_TEAM = 9T65XWHQL7;
				ENABLE_PREVIEWS = YES;
				GENERATE_INFOPLIST_FILE = YES;
				INFOPLIST_KEY_UIApplicationSceneManifest_Generation = YES;
				INFOPLIST_KEY_UIApplicationSupportsIndirectInputEvents = YES;
				INFOPLIST_KEY_UILaunchScreen_Generation = YES;
				INFOPLIST_KEY_UISupportedInterfaceOrientations = UIInterfaceOrientationPortrait;
				INFOPLIST_KEY_UISupportedInterfaceOrientations_iPad = "UIInterfaceOrientationLandscapeLeft UIInterfaceOrientationLandscapeRight UIInterfaceOrientationPortrait UIInterfaceOrientationPortraitUpsideDown";
				IPHONEOS_DEPLOYMENT_TARGET = 15;
				LD_RUNPATH_SEARCH_PATHS = (
					"$(inherited)",
					"@executable_path/Frameworks",
				);
				MARKETING_VERSION = 1.0;
				PRODUCT_BUNDLE_IDENTIFIER = ru.alexrybachev.BookStoreApp;
				PRODUCT_NAME = "$(TARGET_NAME)";
				SUPPORTED_PLATFORMS = "iphoneos iphonesimulator";
				SUPPORTS_MACCATALYST = NO;
				SUPPORTS_MAC_DESIGNED_FOR_IPHONE_IPAD = NO;
				SWIFT_EMIT_LOC_STRINGS = YES;
				SWIFT_VERSION = 5.0;
				TARGETED_DEVICE_FAMILY = 1;
			};
			name = Debug;
		};
		285A913F2B1CC4EB008C26D9 /* Release */ = {
			isa = XCBuildConfiguration;
			buildSettings = {
				ASSETCATALOG_COMPILER_APPICON_NAME = AppIcon;
				ASSETCATALOG_COMPILER_GLOBAL_ACCENT_COLOR_NAME = AccentColor;
				CODE_SIGN_STYLE = Automatic;
				CURRENT_PROJECT_VERSION = 1;
				DEVELOPMENT_ASSET_PATHS = "\"BookStoreApp/Preview Content\"";
				DEVELOPMENT_TEAM = 9T65XWHQL7;
				ENABLE_PREVIEWS = YES;
				GENERATE_INFOPLIST_FILE = YES;
				INFOPLIST_KEY_UIApplicationSceneManifest_Generation = YES;
				INFOPLIST_KEY_UIApplicationSupportsIndirectInputEvents = YES;
				INFOPLIST_KEY_UILaunchScreen_Generation = YES;
				INFOPLIST_KEY_UISupportedInterfaceOrientations = UIInterfaceOrientationPortrait;
				INFOPLIST_KEY_UISupportedInterfaceOrientations_iPad = "UIInterfaceOrientationLandscapeLeft UIInterfaceOrientationLandscapeRight UIInterfaceOrientationPortrait UIInterfaceOrientationPortraitUpsideDown";
				IPHONEOS_DEPLOYMENT_TARGET = 15;
				LD_RUNPATH_SEARCH_PATHS = (
					"$(inherited)",
					"@executable_path/Frameworks",
				);
				MARKETING_VERSION = 1.0;
				PRODUCT_BUNDLE_IDENTIFIER = ru.alexrybachev.BookStoreApp;
				PRODUCT_NAME = "$(TARGET_NAME)";
				SUPPORTED_PLATFORMS = "iphoneos iphonesimulator";
				SUPPORTS_MACCATALYST = NO;
				SUPPORTS_MAC_DESIGNED_FOR_IPHONE_IPAD = NO;
				SWIFT_EMIT_LOC_STRINGS = YES;
				SWIFT_VERSION = 5.0;
				TARGETED_DEVICE_FAMILY = 1;
			};
			name = Release;
		};
/* End XCBuildConfiguration section */

/* Begin XCConfigurationList section */
		285A912A2B1CC4E9008C26D9 /* Build configuration list for PBXProject "BookStoreApp" */ = {
			isa = XCConfigurationList;
			buildConfigurations = (
				285A913B2B1CC4EB008C26D9 /* Debug */,
				285A913C2B1CC4EB008C26D9 /* Release */,
			);
			defaultConfigurationIsVisible = 0;
			defaultConfigurationName = Release;
		};
		285A913D2B1CC4EB008C26D9 /* Build configuration list for PBXNativeTarget "BookStoreApp" */ = {
			isa = XCConfigurationList;
			buildConfigurations = (
				285A913E2B1CC4EB008C26D9 /* Debug */,
				285A913F2B1CC4EB008C26D9 /* Release */,
			);
			defaultConfigurationIsVisible = 0;
			defaultConfigurationName = Release;
		};
/* End XCConfigurationList section */

/* Begin XCRemoteSwiftPackageReference section */
		285A91562B1CF4B6008C26D9 /* XCRemoteSwiftPackageReference "Kingfisher" */ = {
			isa = XCRemoteSwiftPackageReference;
			repositoryURL = "https://github.com/onevcat/Kingfisher.git";
			requirement = {
				kind = upToNextMajorVersion;
				minimumVersion = 7.10.0;
			};
		};
		6F2AF8F22B2071FC00D80C3C /* XCRemoteSwiftPackageReference "firebase-ios-sdk" */ = {
			isa = XCRemoteSwiftPackageReference;
			repositoryURL = "https://github.com/firebase/firebase-ios-sdk";
			requirement = {
				kind = upToNextMajorVersion;
				minimumVersion = 10.19.0;
			};
		};
/* End XCRemoteSwiftPackageReference section */

/* Begin XCSwiftPackageProductDependency section */
		285A91572B1CF4B6008C26D9 /* Kingfisher */ = {
			isa = XCSwiftPackageProductDependency;
			package = 285A91562B1CF4B6008C26D9 /* XCRemoteSwiftPackageReference "Kingfisher" */;
			productName = Kingfisher;
		};
		6F2AF8F32B2071FC00D80C3C /* FirebaseAuth */ = {
			isa = XCSwiftPackageProductDependency;
			package = 6F2AF8F22B2071FC00D80C3C /* XCRemoteSwiftPackageReference "firebase-ios-sdk" */;
			productName = FirebaseAuth;
		};
		6F2AF8F52B2071FC00D80C3C /* FirebaseAuthCombine-Community */ = {
			isa = XCSwiftPackageProductDependency;
			package = 6F2AF8F22B2071FC00D80C3C /* XCRemoteSwiftPackageReference "firebase-ios-sdk" */;
			productName = "FirebaseAuthCombine-Community";
		};
		6F2AF8F72B2071FC00D80C3C /* FirebaseDatabase */ = {
			isa = XCSwiftPackageProductDependency;
			package = 6F2AF8F22B2071FC00D80C3C /* XCRemoteSwiftPackageReference "firebase-ios-sdk" */;
			productName = FirebaseDatabase;
		};
		6F2AF8F92B2071FC00D80C3C /* FirebaseDatabaseSwift */ = {
			isa = XCSwiftPackageProductDependency;
			package = 6F2AF8F22B2071FC00D80C3C /* XCRemoteSwiftPackageReference "firebase-ios-sdk" */;
			productName = FirebaseDatabaseSwift;
		};
		6F2AF8FB2B2071FC00D80C3C /* FirebaseDynamicLinks */ = {
			isa = XCSwiftPackageProductDependency;
			package = 6F2AF8F22B2071FC00D80C3C /* XCRemoteSwiftPackageReference "firebase-ios-sdk" */;
			productName = FirebaseDynamicLinks;
		};
		6F2AF8FD2B2071FC00D80C3C /* FirebaseFirestore */ = {
			isa = XCSwiftPackageProductDependency;
			package = 6F2AF8F22B2071FC00D80C3C /* XCRemoteSwiftPackageReference "firebase-ios-sdk" */;
			productName = FirebaseFirestore;
		};
		6F2AF8FF2B2071FC00D80C3C /* FirebaseFirestoreCombine-Community */ = {
			isa = XCSwiftPackageProductDependency;
			package = 6F2AF8F22B2071FC00D80C3C /* XCRemoteSwiftPackageReference "firebase-ios-sdk" */;
			productName = "FirebaseFirestoreCombine-Community";
		};
		6F2AF9012B2071FC00D80C3C /* FirebaseFirestoreSwift */ = {
			isa = XCSwiftPackageProductDependency;
			package = 6F2AF8F22B2071FC00D80C3C /* XCRemoteSwiftPackageReference "firebase-ios-sdk" */;
			productName = FirebaseFirestoreSwift;
		};
		6F2AF9032B2071FC00D80C3C /* FirebaseStorage */ = {
			isa = XCSwiftPackageProductDependency;
			package = 6F2AF8F22B2071FC00D80C3C /* XCRemoteSwiftPackageReference "firebase-ios-sdk" */;
			productName = FirebaseStorage;
		};
		6F2AF9052B2071FC00D80C3C /* FirebaseStorageCombine-Community */ = {
			isa = XCSwiftPackageProductDependency;
			package = 6F2AF8F22B2071FC00D80C3C /* XCRemoteSwiftPackageReference "firebase-ios-sdk" */;
			productName = "FirebaseStorageCombine-Community";
		};
/* End XCSwiftPackageProductDependency section */
	};
	rootObject = 285A91272B1CC4E9008C26D9 /* Project object */;
}
